# This file is automatically @generated by Cargo.
# It is not intended for manual editing.
version = 4

[[package]]
name = "minimal_app"
version = "0.1.0"
dependencies = [
 "zeno-shell",
 "zeno-text",
 "zeno-ui",
]

[[package]]
name = "zeno-backend-impeller"
version = "0.1.0"
dependencies = [
 "zeno-core",
 "zeno-graphics",
]

[[package]]
name = "zeno-backend-skia"
version = "0.1.0"
dependencies = [
 "zeno-core",
 "zeno-graphics",
]

[[package]]
name = "zeno-core"
version = "0.1.0"

[[package]]
name = "zeno-graphics"
version = "0.1.0"
dependencies = [
 "zeno-core",
 "zeno-text",
]

[[package]]
name = "zeno-runtime"
version = "0.1.0"
dependencies = [
 "zeno-backend-impeller",
 "zeno-backend-skia",
 "zeno-core",
 "zeno-graphics",
]

[[package]]
name = "zeno-shell"
version = "0.1.0"
dependencies = [
 "zeno-core",
 "zeno-graphics",
]

[[package]]
name = "zeno-text"
version = "0.1.0"
dependencies = [
 "zeno-core",
]

[[package]]
name = "zeno-ui"
version = "0.1.0"
dependencies = [
 "zeno-core",
 "zeno-graphics",
 "zeno-runtime",
 "zeno-shell",
 "zeno-text",
]
